<?xml version="1.0" encoding="utf-8"?>
<Project ToolsVersion="4.0" xmlns="http://schemas.microsoft.com/developer/msbuild/2003">
  <ItemGroup>
    <Filter Include="Objects">
      <UniqueIdentifier>{b9a58707-3c1e-4b09-a1b6-24873e6e6c85}</UniqueIdentifier>
    </Filter>
  </ItemGroup>
  <ItemGroup>
    <ClCompile Include="Cube.cpp">
      <Filter>Objects</Filter>
    </ClCompile>
    <ClCompile Include="Ground.cpp">
      <Filter>Objects</Filter>
    </ClCompile>
    <ClCompile Include="lab8.cpp" />
    <ClCompile Include="Camera.cpp">
      <Filter>Objects</Filter>
    </ClCompile>
    <ClCompile Include="Asteroid.cpp">
      <Filter>Objects</Filter>
    </ClCompile>
    <ClCompile Include="collisions.cpp">
      <Filter>Objects</Filter>
    </ClCompile>
  </ItemGroup>
  <ItemGroup>
    <ClInclude Include="Cube.h">
      <Filter>Objects</Filter>
    </ClInclude>
    <ClInclude Include="Ground.h">
      <Filter>Objects</Filter>
    </ClInclude>
    <ClInclude Include="Camera.h">
      <Filter>Objects</Filter>
    </ClInclude>
    <ClInclude Include="Vector3D.h">
      <Filter>Objects</Filter>
    </ClInclude>
    <ClInclude Include="Asteroid.h">
      <Filter>Objects</Filter>
    </ClInclude>
    <ClInclude Include="collisions.h">
      <Filter>Objects</Filter>
    </ClInclude>
  </ItemGroup>
</Project>